
Microsoft Visual Studio Solution File, Format Version 12.00
# Visual Studio 15
Project("{FAE04EC0-301F-11D3-BF4B-00C04F79EFBC}") = "CalendarViewSample.Android", "CalendarViewSample.Android\CalendarViewSample.Android.csproj", "{C75952BA-A678-464D-86BD-FCD4CA227D3C}"
EndProject
Project("{FAE04EC0-301F-11D3-BF4B-00C04F79EFBC}") = "CalendarViewSample.iOS", "CalendarViewSample.iOS\CalendarViewSample.iOS.csproj", "{F6352C7C-C532-4848-8123-D24A60E746E8}"
EndProject
Project("{FAE04EC0-301F-11D3-BF4B-00C04F79EFBC}") = "CalendarViewSample", "CalendarViewSample\CalendarViewSample.csproj", "{9FE3C8B1-2311-4DB2-83DE-C1516FBE286B}"
EndProject
Global
	GlobalSection(SolutionConfigurationPlatforms) = preSolution
		Debug|Any CPU = Debug|Any CPU
		Release|Any CPU = Release|Any CPU
		Debug|iPhoneSimulator = Debug|iPhoneSimulator
		Release|iPhoneSimulator = Release|iPhoneSimulator
		Debug|iPhone = Debug|iPhone
		Release|iPhone = Release|iPhone
		Ad-Hoc|iPhone = Ad-Hoc|iPhone
		AppStore|iPhone = AppStore|iPhone
	EndGlobalSection
	GlobalSection(ProjectConfigurationPlatforms) = postSolution
		{C75952BA-A678-464D-86BD-FCD4CA227D3C}.Debug|Any CPU.ActiveCfg = Debug|Any CPU
		{C75952BA-A678-464D-86BD-FCD4CA227D3C}.Debug|Any CPU.Build.0 = Debug|Any CPU
		{C75952BA-A678-464D-86BD-FCD4CA227D3C}.Release|Any CPU.ActiveCfg = Release|Any CPU
		{C75952BA-A678-464D-86BD-FCD4CA227D3C}.Release|Any CPU.Build.0 = Release|Any CPU
		{C75952BA-A678-464D-86BD-FCD4CA227D3C}.Debug|iPhoneSimulator.ActiveCfg = Debug|Any CPU
		{C75952BA-A678-464D-86BD-FCD4CA227D3C}.Debug|iPhoneSimulator.Build.0 = Debug|Any CPU
		{C75952BA-A678-464D-86BD-FCD4CA227D3C}.Release|iPhoneSimulator.ActiveCfg = Release|Any CPU
		{C75952BA-A678-464D-86BD-FCD4CA227D3C}.Release|iPhoneSimulator.Build.0 = Release|Any CPU
		{C75952BA-A678-464D-86BD-FCD4CA227D3C}.Debug|iPhone.ActiveCfg = Debug|Any CPU
		{C75952BA-A678-464D-86BD-FCD4CA227D3C}.Debug|iPhone.Build.0 = Debug|Any CPU
		{C75952BA-A678-464D-86BD-FCD4CA227D3C}.Release|iPhone.ActiveCfg = Release|Any CPU
		{C75952BA-A678-464D-86BD-FCD4CA227D3C}.Release|iPhone.Build.0 = Release|Any CPU
		{C75952BA-A678-464D-86BD-FCD4CA227D3C}.Ad-Hoc|iPhone.ActiveCfg = Debug|Any CPU
		{C75952BA-A678-464D-86BD-FCD4CA227D3C}.Ad-Hoc|iPhone.Build.0 = Debug|Any CPU
		{C75952BA-A678-464D-86BD-FCD4CA227D3C}.AppStore|iPhone.ActiveCfg = Debug|Any CPU
		{C75952BA-A678-464D-86BD-FCD4CA227D3C}.AppStore|iPhone.Build.0 = Debug|Any CPU
		{F6352C7C-C532-4848-8123-D24A60E746E8}.Debug|Any CPU.ActiveCfg = Debug|iPhoneSimulator
		{F6352C7C-C532-4848-8123-D24A60E746E8}.Debug|Any CPU.Build.0 = Debug|iPhoneSimulator
		{F6352C7C-C532-4848-8123-D24A60E746E8}.Release|Any CPU.ActiveCfg = Release|iPhoneSimulator
		{F6352C7C-C532-4848-8123-D24A60E746E8}.Release|Any CPU.Build.0 = Release|iPhoneSimulator
		{F6352C7C-C532-4848-8123-D24A60E746E8}.Debug|iPhoneSimulator.ActiveCfg = Debug|iPhoneSimulator
		{F6352C7C-C532-4848-8123-D24A60E746E8}.Debug|iPhoneSimulator.Build.0 = Debug|iPhoneSimulator
		{F6352C7C-C532-4848-8123-D24A60E746E8}.Release|iPhoneSimulator.ActiveCfg = Release|iPhoneSimulator
		{F6352C7C-C532-4848-8123-D24A60E746E8}.Release|iPhoneSimulator.Build.0 = Release|iPhoneSimulator
		{F6352C7C-C532-4848-8123-D24A60E746E8}.Debug|iPhone.ActiveCfg = Debug|iPhone
		{F6352C7C-C532-4848-8123-D24A60E746E8}.Debug|iPhone.Build.0 = Debug|iPhone
		{F6352C7C-C532-4848-8123-D24A60E746E8}.Release|iPhone.ActiveCfg = Release|iPhone
		{F6352C7C-C532-4848-8123-D24A60E746E8}.Release|iPhone.Build.0 = Release|iPhone
		{F6352C7C-C532-4848-8123-D24A60E746E8}.Ad-Hoc|iPhone.ActiveCfg = Ad-Hoc|iPhone
		{F6352C7C-C532-4848-8123-D24A60E746E8}.Ad-Hoc|iPhone.Build.0 = Ad-Hoc|iPhone
		{F6352C7C-C532-4848-8123-D24A60E746E8}.AppStore|iPhone.ActiveCfg = AppStore|iPhone
		{F6352C7C-C532-4848-8123-D24A60E746E8}.AppStore|iPhone.Build.0 = AppStore|iPhone
		{9FE3C8B1-2311-4DB2-83DE-C1516FBE286B}.Debug|Any CPU.ActiveCfg = Debug|Any CPU
		{9FE3C8B1-2311-4DB2-83DE-C1516FBE286B}.Debug|Any CPU.Build.0 = Debug|Any CPU
		{9FE3C8B1-2311-4DB2-83DE-C1516FBE286B}.Release|Any CPU.ActiveCfg = Release|Any CPU
		{9FE3C8B1-2311-4DB2-83DE-C1516FBE286B}.Release|Any CPU.Build.0 = Release|Any CPU
		{9FE3C8B1-2311-4DB2-83DE-C1516FBE286B}.Debug|iPhoneSimulator.ActiveCfg = Debug|Any CPU
		{9FE3C8B1-2311-4DB2-83DE-C1516FBE286B}.Debug|iPhoneSimulator.Build.0 = Debug|Any CPU
		{9FE3C8B1-2311-4DB2-83DE-C1516FBE286B}.Release|iPhoneSimulator.ActiveCfg = Release|Any CPU
		{9FE3C8B1-2311-4DB2-83DE-C1516FBE286B}.Release|iPhoneSimulator.Build.0 = Release|Any CPU
		{9FE3C8B1-2311-4DB2-83DE-C1516FBE286B}.Debug|iPhone.ActiveCfg = Debug|Any CPU
		{9FE3C8B1-2311-4DB2-83DE-C1516FBE286B}.Debug|iPhone.Build.0 = Debug|Any CPU
		{9FE3C8B1-2311-4DB2-83DE-C1516FBE286B}.Release|iPhone.ActiveCfg = Release|Any CPU
		{9FE3C8B1-2311-4DB2-83DE-C1516FBE286B}.Release|iPhone.Build.0 = Release|Any CPU
		{9FE3C8B1-2311-4DB2-83DE-C1516FBE286B}.Ad-Hoc|iPhone.ActiveCfg = Debug|Any CPU
		{9FE3C8B1-2311-4DB2-83DE-C1516FBE286B}.Ad-Hoc|iPhone.Build.0 = Debug|Any CPU
		{9FE3C8B1-2311-4DB2-83DE-C1516FBE286B}.AppStore|iPhone.ActiveCfg = Debug|Any CPU
		{9FE3C8B1-2311-4DB2-83DE-C1516FBE286B}.AppStore|iPhone.Build.0 = Debug|Any CPU
	EndGlobalSection
	GlobalSection(MonoDevelopProperties) = preSolution
		Policies = $0
		$0.TextStylePolicy = $1
		$1.inheritsSet = null
		$1.scope = text/x-csharp
		$0.CSharpFormattingPolicy = $2
		$2.NewLinesForBracesInTypes = False
		$2.NewLinesForBracesInMethods = False
		$2.NewLinesForBracesInProperties = False
		$2.NewLinesForBracesInAccessors = False
		$2.NewLinesForBracesInAnonymousMethods = False
		$2.NewLinesForBracesInControlBlocks = False
		$2.NewLinesForBracesInAnonymousTypes = False
		$2.NewLinesForBracesInObjectCollectionArrayInitializers = False
		$2.NewLinesForBracesInLambdaExpressionBody = False
		$2.NewLineForElse = False
		$2.NewLineForCatch = False
		$2.NewLineForFinally = False
		$2.scope = text/x-csharp
		$0.TextStylePolicy = $3
		$3.FileWidth = 80
		$3.TabsToSpaces = True
		$3.scope = text/plain
		$0.TextStylePolicy = $4
		$4.inheritsSet = null
		$4.scope = application/xml
		$0.XmlFormattingPolicy = $5
		$5.DefaultFormat = $6
		$6.AttributesInNewLine = True
		$5.scope = application/xml
		$0.TextStylePolicy = $7
		$7.inheritsSet = null
		$7.scope = application/xaml+xml
		$0.XmlFormattingPolicy = $8
		$8.inheritsSet = null
		$8.scope = application/xaml+xml
	EndGlobalSection
EndGlobal
